
Microsoft Visual Studio Solution File, Format Version 12.00
# Visual Studio 2012
Project("{FAE04EC0-301F-11D3-BF4B-00C04F79EFBC}") = "StaticSerializer.Core", "StaticSerializer.Core\StaticSerializer.Core.csproj", "{DAE127C4-5502-4735-BAF0-E1727BA0CB5B}"
EndProject
Project("{FAE04EC0-301F-11D3-BF4B-00C04F79EFBC}") = "StaticSerializer.Tests", "StaticSerializer.Tests\StaticSerializer.Tests.csproj", "{BBADDD97-062D-42F4-90DF-BC244C0AA23E}"
EndProject
Global
	GlobalSection(SolutionConfigurationPlatforms) = preSolution
		Debug|Any CPU = Debug|Any CPU
		Release|Any CPU = Release|Any CPU
	EndGlobalSection
	GlobalSection(ProjectConfigurationPlatforms) = postSolution
		{DAE127C4-5502-4735-BAF0-E1727BA0CB5B}.Debug|Any CPU.ActiveCfg = Debug|Any CPU
		{DAE127C4-5502-4735-BAF0-E1727BA0CB5B}.Debug|Any CPU.Build.0 = Debug|Any CPU
		{DAE127C4-5502-4735-BAF0-E1727BA0CB5B}.Release|Any CPU.ActiveCfg = Release|Any CPU
		{DAE127C4-5502-4735-BAF0-E1727BA0CB5B}.Release|Any CPU.Build.0 = Release|Any CPU
		{BBADDD97-062D-42F4-90DF-BC244C0AA23E}.Debug|Any CPU.ActiveCfg = Debug|Any CPU
		{BBADDD97-062D-42F4-90DF-BC244C0AA23E}.Debug|Any CPU.Build.0 = Debug|Any CPU
		{BBADDD97-062D-42F4-90DF-BC244C0AA23E}.Release|Any CPU.ActiveCfg = Release|Any CPU
		{BBADDD97-062D-42F4-90DF-BC244C0AA23E}.Release|Any CPU.Build.0 = Release|Any CPU
	EndGlobalSection
	GlobalSection(SolutionProperties) = preSolution
		HideSolutionNode = FALSE
	EndGlobalSection
EndGlobal
